{
    "version": 3,
    "terraform_version": "0.11.14",
    "serial": 2,
    "lineage": "d6968d81-aa38-50ed-2197-817f96f59cad",
    "modules": [
        {
            "path": [
                "root"
            ],
            "outputs": {
                "client_certificate": {
                    "sensitive": false,
                    "type": "string",
                    "value": ""
                },
                "client_key": {
                    "sensitive": false,
                    "type": "string",
                    "value": ""
                },
                "cluster_ca_certificate": {
                    "sensitive": false,
                    "type": "string",
                    "value": "LS0tLS1CRUdJTiBDRVJUSUZJQ0FURS0tLS0tCk1JSURERENDQWZTZ0F3SUJBZ0lSQUpjenUxMXVXbjM0T3FRMXJqOXhYcnN3RFFZSktvWklodmNOQVFFTEJRQXcKTHpFdE1Dc0dBMVVFQXhNa1pqSm1ZbU0wWW1FdFpURXpaaTAwT0RBMUxXRmxNVGt0TXpObE1qZ3lOVEEyTkRBMgpNQjRYRFRFNU1EVXlPREV4TXpNME4xb1hEVEkwTURVeU5qRXlNek0wTjFvd0x6RXRNQ3NHQTFVRUF4TWtaakptClltTTBZbUV0WlRFelppMDBPREExTFdGbE1Ua3RNek5sTWpneU5UQTJOREEyTUlJQklqQU5CZ2txaGtpRzl3MEIKQVFFRkFBT0NBUThBTUlJQkNnS0NBUUVBcXhWOFNGQmtxUXZiVjBoWnhSd1R5ck9BQXZyczdTOGN1OE5SYUFZdAprTW9VS05nRENoM2Y0QU5UWFpEZ3NKazdzOCtKd1BWa1VvYnB4cndtbmZaZ2VhN2lDLysyZE05RkxqaEMvd3RyCnZ2VkhPcGU0UlFMRXMwNnpwSG1oVXNYRTZPVmlJYmhqVUI3dmxpcXdxa095Q29ydEZDRWE3NW1nRzk2TGJFZmgKblBkQkdweEdaUWFYNG5MWW1XdTIrOGJybndreE1rRXJKSmpOY1IxR3NiM1IvTnh2TTJBaHg1VlZ0d2lIbFBCUApFUkN5aFlVVlhQVnM0OXJjRXlNdUJNR2JvOXFUYVNjSXNrTjFGUVhoeWZaSXYzc0J6cjV6R29FaFpleDRJanJEClRDdzJOcFVTYnBYUVhsN0cvNURlUVAxMityUmg4eTdQTnJCWkVQU0M5dmVKeXdJREFRQUJveU13SVRBT0JnTlYKSFE4QkFmOEVCQU1DQWdRd0R3WURWUjBUQVFIL0JBVXdBd0VCL3pBTkJna3Foa2lHOXcwQkFRc0ZBQU9DQVFFQQpFSUhLb2J6QnBHc1ByN01jc2dLV2I4MnIwV3lLZ1V1bkUzQ2x4eFpaZ3pjVlBqNmpsaFZSYXNpdVR6OFJVRVE2CmgyUGxGdFRzbkV3aGN5M3ZWMVZlOG5XcnkvWlArc0dpRXA1ZzRSVUlIVERQM3dIU2VuSmJCdmJEeG1pcnB3cCsKOTZIWTV6a2JQOHdUTzMydTFwc0d4a3dsMks5SGd2bmJ6TlVLNTZUbEJKenZyK1N0QmZ3eWV5Nnc0OVN2ODVrWAo4TFM1blJWZk0rTFNwbHNaVlB6NzNTeGlIQXViOGpHYjJBczBaaWZzWko0cGF5d214VnNpSi9nLzBubEp3ZVRUClNBQjZwUUZkb1BLRkxvblpBSmp3MEZVQVJiUFl5ZVNkKzJoNndObHQvQ0FhWENDdGJqM2VjNTNuRUd0NzdQK3kKYXNER0t2SFRQK0dXMkpoUE5MSUMwQT09Ci0tLS0tRU5EIENFUlRJRklDQVRFLS0tLS0K"
                }
            },
            "resources": {
                "google_compute_firewall.default": {
                    "type": "google_compute_firewall",
                    "depends_on": [
                        "google_compute_network.my-network"
                    ],
                    "primary": {
                        "id": "firewall",
                        "attributes": {
                            "allow.#": "1",
                            "allow.2196066154.ports.#": "2",
                            "allow.2196066154.ports.0": "8080",
                            "allow.2196066154.ports.1": "22",
                            "allow.2196066154.protocol": "tcp",
                            "creation_timestamp": "2019-05-28T05:33:10.965-07:00",
                            "deny.#": "0",
                            "description": "",
                            "destination_ranges.#": "0",
                            "direction": "INGRESS",
                            "disabled": "false",
                            "id": "firewall",
                            "name": "firewall",
                            "network": "https://www.googleapis.com/compute/v1/projects/tpterraformkube/global/networks/kubeproject",
                            "priority": "1000",
                            "project": "tpterraformkube",
                            "self_link": "https://www.googleapis.com/compute/v1/projects/tpterraformkube/global/firewalls/firewall",
                            "source_ranges.#": "1",
                            "source_ranges.1080289494": "0.0.0.0/0",
                            "source_service_accounts.#": "0",
                            "source_tags.#": "0",
                            "target_service_accounts.#": "0",
                            "target_tags.#": "1",
                            "target_tags.4002270276": "ssh"
                        },
                        "meta": {
                            "e2bfb730-ecaa-11e6-8f88-34363bc7c4c0": {
                                "create": 240000000000,
                                "delete": 240000000000,
                                "update": 240000000000
                            },
                            "schema_version": "1"
                        },
                        "tainted": false
                    },
                    "deposed": [],
                    "provider": "provider.google"
                },
                "google_compute_instance.admin-instance": {
                    "type": "google_compute_instance",
                    "depends_on": [
                        "google_compute_subnetwork.admin"
                    ],
                    "primary": {
                        "id": "admin-instance",
                        "attributes": {
                            "attached_disk.#": "0",
                            "boot_disk.#": "1",
                            "boot_disk.0.auto_delete": "true",
                            "boot_disk.0.device_name": "persistent-disk-0",
                            "boot_disk.0.disk_encryption_key_raw": "",
                            "boot_disk.0.disk_encryption_key_sha256": "",
                            "boot_disk.0.initialize_params.#": "1",
                            "boot_disk.0.initialize_params.0.image": "https://www.googleapis.com/compute/v1/projects/debian-cloud/global/images/debian-9-stretch-v20190514",
                            "boot_disk.0.initialize_params.0.size": "10",
                            "boot_disk.0.initialize_params.0.type": "pd-standard",
                            "boot_disk.0.kms_key_self_link": "",
                            "boot_disk.0.source": "https://www.googleapis.com/compute/v1/projects/tpterraformkube/zones/europe-north1-a/disks/admin-instance",
                            "can_ip_forward": "false",
                            "cpu_platform": "Intel Skylake",
                            "deletion_protection": "false",
                            "guest_accelerator.#": "0",
                            "hostname": "",
                            "id": "admin-instance",
                            "instance_id": "7981972567458092151",
                            "label_fingerprint": "42WmSpB8rSM=",
                            "labels.%": "0",
                            "machine_type": "f1-micro",
                            "metadata.%": "0",
                            "metadata_fingerprint": "-wUJrzT9gig=",
                            "metadata_startup_script": "",
                            "min_cpu_platform": "",
                            "name": "admin-instance",
                            "network_interface.#": "1",
                            "network_interface.0.access_config.#": "1",
                            "network_interface.0.access_config.0.assigned_nat_ip": "",
                            "network_interface.0.access_config.0.nat_ip": "35.228.4.54",
                            "network_interface.0.access_config.0.network_tier": "PREMIUM",
                            "network_interface.0.access_config.0.public_ptr_domain_name": "",
                            "network_interface.0.address": "",
                            "network_interface.0.alias_ip_range.#": "0",
                            "network_interface.0.name": "nic0",
                            "network_interface.0.network": "https://www.googleapis.com/compute/v1/projects/tpterraformkube/global/networks/kubeproject",
                            "network_interface.0.network_ip": "10.5.0.2",
                            "network_interface.0.subnetwork": "https://www.googleapis.com/compute/v1/projects/tpterraformkube/regions/europe-north1/subnetworks/admin-subnetwork",
                            "network_interface.0.subnetwork_project": "tpterraformkube",
                            "project": "tpterraformkube",
                            "scheduling.#": "1",
                            "scheduling.0.automatic_restart": "true",
                            "scheduling.0.node_affinities.#": "0",
                            "scheduling.0.on_host_maintenance": "MIGRATE",
                            "scheduling.0.preemptible": "false",
                            "scratch_disk.#": "0",
                            "self_link": "https://www.googleapis.com/compute/v1/projects/tpterraformkube/zones/europe-north1-a/instances/admin-instance",
                            "service_account.#": "0",
                            "shielded_instance_config.#": "0",
                            "tags.#": "1",
                            "tags.4002270276": "ssh",
                            "tags_fingerprint": "pfSjJj1RiUg=",
                            "zone": "europe-north1-a"
                        },
                        "meta": {
                            "e2bfb730-ecaa-11e6-8f88-34363bc7c4c0": {
                                "create": 360000000000,
                                "delete": 360000000000,
                                "update": 360000000000
                            },
                            "schema_version": "6"
                        },
                        "tainted": false
                    },
                    "deposed": [],
                    "provider": "provider.google"
                },
                "google_compute_network.my-network": {
                    "type": "google_compute_network",
                    "depends_on": [],
                    "primary": {
                        "id": "kubeproject",
                        "attributes": {
                            "auto_create_subnetworks": "false",
                            "delete_default_routes_on_create": "false",
                            "description": "",
                            "gateway_ipv4": "",
                            "id": "kubeproject",
                            "ipv4_range": "",
                            "name": "kubeproject",
                            "project": "tpterraformkube",
                            "routing_mode": "REGIONAL",
                            "self_link": "https://www.googleapis.com/compute/v1/projects/tpterraformkube/global/networks/kubeproject"
                        },
                        "meta": {
                            "e2bfb730-ecaa-11e6-8f88-34363bc7c4c0": {
                                "create": 240000000000,
                                "delete": 240000000000,
                                "update": 240000000000
                            }
                        },
                        "tainted": false
                    },
                    "deposed": [],
                    "provider": "provider.google"
                },
                "google_compute_project_metadata_item.ssh-keys": {
                    "type": "google_compute_project_metadata_item",
                    "depends_on": [],
                    "primary": {
                        "id": "ssh-keys",
                        "attributes": {
                            "id": "ssh-keys",
                            "key": "ssh-keys",
                            "value": "user01:ssh-rsa AAAAB3NzaC1yc2EAAAADAQABAAABAQCym+NouF8g0DKCnFhRX6qHBVYXyaTyiPZkwL33Hr4GrYFREP4cDeTNnklIeRwXfXdgOjF5QBnMGQIKe6pki/CoulTkElz62rCOKPVmMYuudTEMmBN7eYOihDPP4Q9BrmDTakwwMpTTNxiPwpjPZaeU8UUVwKQWYDngSOX40oLW68A6oe4QGkbi2j9XqF/HbOuq7dwQV49ZPwZXiIiK0W/NZjyd7vBqUZlifwHJoVxOVhi7zjxUlHESg1qGkWWboiBnXi1a3nq/MOHlGxGdVlhQiWS+zefZsm9ZlpTSUNEuJTOaL874HcF9DtFVl3zCKeAhMzLFp5RpOJkr0taWLAgN user01@localhost.localdomain"
                        },
                        "meta": {
                            "e2bfb730-ecaa-11e6-8f88-34363bc7c4c0": {
                                "create": 300000000000,
                                "delete": 300000000000,
                                "update": 300000000000
                            }
                        },
                        "tainted": false
                    },
                    "deposed": [],
                    "provider": "provider.google"
                },
                "google_compute_subnetwork.admin": {
                    "type": "google_compute_subnetwork",
                    "depends_on": [
                        "google_compute_network.my-network"
                    ],
                    "primary": {
                        "id": "europe-north1/admin-subnetwork",
                        "attributes": {
                            "creation_timestamp": "2019-05-28T05:33:11.146-07:00",
                            "description": "",
                            "enable_flow_logs": "false",
                            "fingerprint": "QfPVvPDa1Yg=",
                            "gateway_address": "10.5.0.1",
                            "id": "europe-north1/admin-subnetwork",
                            "ip_cidr_range": "10.5.0.0/24",
                            "name": "admin-subnetwork",
                            "network": "https://www.googleapis.com/compute/v1/projects/tpterraformkube/global/networks/kubeproject",
                            "private_ip_google_access": "false",
                            "project": "tpterraformkube",
                            "region": "europe-north1",
                            "secondary_ip_range.#": "0",
                            "self_link": "https://www.googleapis.com/compute/v1/projects/tpterraformkube/regions/europe-north1/subnetworks/admin-subnetwork"
                        },
                        "meta": {
                            "e2bfb730-ecaa-11e6-8f88-34363bc7c4c0": {
                                "create": 360000000000,
                                "delete": 360000000000,
                                "update": 360000000000
                            }
                        },
                        "tainted": false
                    },
                    "deposed": [],
                    "provider": "provider.google"
                },
                "google_compute_subnetwork.kube": {
                    "type": "google_compute_subnetwork",
                    "depends_on": [
                        "google_compute_network.my-network"
                    ],
                    "primary": {
                        "id": "europe-north1/kube-subnetwork",
                        "attributes": {
                            "creation_timestamp": "2019-05-28T05:33:11.262-07:00",
                            "description": "",
                            "enable_flow_logs": "false",
                            "fingerprint": "baLC0guD8wU=",
                            "gateway_address": "10.6.0.1",
                            "id": "europe-north1/kube-subnetwork",
                            "ip_cidr_range": "10.6.0.0/18",
                            "name": "kube-subnetwork",
                            "network": "https://www.googleapis.com/compute/v1/projects/tpterraformkube/global/networks/kubeproject",
                            "private_ip_google_access": "false",
                            "project": "tpterraformkube",
                            "region": "europe-north1",
                            "secondary_ip_range.#": "2",
                            "secondary_ip_range.0.ip_cidr_range": "10.8.0.0/20",
                            "secondary_ip_range.0.range_name": "secondary-range",
                            "secondary_ip_range.1.ip_cidr_range": "10.8.96.0/20",
                            "secondary_ip_range.1.range_name": "secondary-range2",
                            "self_link": "https://www.googleapis.com/compute/v1/projects/tpterraformkube/regions/europe-north1/subnetworks/kube-subnetwork"
                        },
                        "meta": {
                            "e2bfb730-ecaa-11e6-8f88-34363bc7c4c0": {
                                "create": 360000000000,
                                "delete": 360000000000,
                                "update": 360000000000
                            }
                        },
                        "tainted": false
                    },
                    "deposed": [],
                    "provider": "provider.google"
                },
                "google_container_cluster.primary": {
                    "type": "google_container_cluster",
                    "depends_on": [
                        "google_compute_network.my-network",
                        "google_compute_subnetwork.kube"
                    ],
                    "primary": {
                        "id": "my-gke-cluster",
                        "attributes": {
                            "additional_zones.#": "0",
                            "addons_config.#": "1",
                            "addons_config.0.horizontal_pod_autoscaling.#": "0",
                            "addons_config.0.http_load_balancing.#": "0",
                            "addons_config.0.kubernetes_dashboard.#": "1",
                            "addons_config.0.kubernetes_dashboard.0.disabled": "true",
                            "addons_config.0.network_policy_config.#": "1",
                            "addons_config.0.network_policy_config.0.disabled": "true",
                            "cluster_autoscaling.#": "0",
                            "cluster_ipv4_cidr": "10.8.0.0/20",
                            "description": "",
                            "enable_kubernetes_alpha": "false",
                            "enable_legacy_abac": "false",
                            "endpoint": "172.32.8.2",
                            "id": "my-gke-cluster",
                            "initial_node_count": "2",
                            "instance_group_urls.#": "0",
                            "ip_allocation_policy.#": "1",
                            "ip_allocation_policy.0.cluster_ipv4_cidr_block": "10.8.0.0/20",
                            "ip_allocation_policy.0.cluster_secondary_range_name": "secondary-range",
                            "ip_allocation_policy.0.create_subnetwork": "false",
                            "ip_allocation_policy.0.node_ipv4_cidr_block": "10.6.0.0/18",
                            "ip_allocation_policy.0.services_ipv4_cidr_block": "10.8.96.0/20",
                            "ip_allocation_policy.0.services_secondary_range_name": "secondary-range2",
                            "ip_allocation_policy.0.subnetwork_name": "",
                            "ip_allocation_policy.0.use_ip_aliases": "true",
                            "location": "europe-north1-a",
                            "logging_service": "logging.googleapis.com",
                            "maintenance_policy.#": "0",
                            "master_auth.#": "1",
                            "master_auth.0.client_certificate": "",
                            "master_auth.0.client_certificate_config.#": "1",
                            "master_auth.0.client_certificate_config.0.issue_client_certificate": "false",
                            "master_auth.0.client_key": "",
                            "master_auth.0.cluster_ca_certificate": "LS0tLS1CRUdJTiBDRVJUSUZJQ0FURS0tLS0tCk1JSURERENDQWZTZ0F3SUJBZ0lSQUpjenUxMXVXbjM0T3FRMXJqOXhYcnN3RFFZSktvWklodmNOQVFFTEJRQXcKTHpFdE1Dc0dBMVVFQXhNa1pqSm1ZbU0wWW1FdFpURXpaaTAwT0RBMUxXRmxNVGt0TXpObE1qZ3lOVEEyTkRBMgpNQjRYRFRFNU1EVXlPREV4TXpNME4xb1hEVEkwTURVeU5qRXlNek0wTjFvd0x6RXRNQ3NHQTFVRUF4TWtaakptClltTTBZbUV0WlRFelppMDBPREExTFdGbE1Ua3RNek5sTWpneU5UQTJOREEyTUlJQklqQU5CZ2txaGtpRzl3MEIKQVFFRkFBT0NBUThBTUlJQkNnS0NBUUVBcXhWOFNGQmtxUXZiVjBoWnhSd1R5ck9BQXZyczdTOGN1OE5SYUFZdAprTW9VS05nRENoM2Y0QU5UWFpEZ3NKazdzOCtKd1BWa1VvYnB4cndtbmZaZ2VhN2lDLysyZE05RkxqaEMvd3RyCnZ2VkhPcGU0UlFMRXMwNnpwSG1oVXNYRTZPVmlJYmhqVUI3dmxpcXdxa095Q29ydEZDRWE3NW1nRzk2TGJFZmgKblBkQkdweEdaUWFYNG5MWW1XdTIrOGJybndreE1rRXJKSmpOY1IxR3NiM1IvTnh2TTJBaHg1VlZ0d2lIbFBCUApFUkN5aFlVVlhQVnM0OXJjRXlNdUJNR2JvOXFUYVNjSXNrTjFGUVhoeWZaSXYzc0J6cjV6R29FaFpleDRJanJEClRDdzJOcFVTYnBYUVhsN0cvNURlUVAxMityUmg4eTdQTnJCWkVQU0M5dmVKeXdJREFRQUJveU13SVRBT0JnTlYKSFE4QkFmOEVCQU1DQWdRd0R3WURWUjBUQVFIL0JBVXdBd0VCL3pBTkJna3Foa2lHOXcwQkFRc0ZBQU9DQVFFQQpFSUhLb2J6QnBHc1ByN01jc2dLV2I4MnIwV3lLZ1V1bkUzQ2x4eFpaZ3pjVlBqNmpsaFZSYXNpdVR6OFJVRVE2CmgyUGxGdFRzbkV3aGN5M3ZWMVZlOG5XcnkvWlArc0dpRXA1ZzRSVUlIVERQM3dIU2VuSmJCdmJEeG1pcnB3cCsKOTZIWTV6a2JQOHdUTzMydTFwc0d4a3dsMks5SGd2bmJ6TlVLNTZUbEJKenZyK1N0QmZ3eWV5Nnc0OVN2ODVrWAo4TFM1blJWZk0rTFNwbHNaVlB6NzNTeGlIQXViOGpHYjJBczBaaWZzWko0cGF5d214VnNpSi9nLzBubEp3ZVRUClNBQjZwUUZkb1BLRkxvblpBSmp3MEZVQVJiUFl5ZVNkKzJoNndObHQvQ0FhWENDdGJqM2VjNTNuRUd0NzdQK3kKYXNER0t2SFRQK0dXMkpoUE5MSUMwQT09Ci0tLS0tRU5EIENFUlRJRklDQVRFLS0tLS0K",
                            "master_auth.0.password": "BOURNE02-08-1984",
                            "master_auth.0.username": "adminl",
                            "master_authorized_networks_config.#": "1",
                            "master_authorized_networks_config.0.cidr_blocks.#": "1",
                            "master_authorized_networks_config.0.cidr_blocks.2979406661.cidr_block": "10.5.0.0/24",
                            "master_authorized_networks_config.0.cidr_blocks.2979406661.display_name": "net1",
                            "master_version": "1.12.7-gke.10",
                            "monitoring_service": "monitoring.googleapis.com",
                            "name": "my-gke-cluster",
                            "network": "projects/tpterraformkube/global/networks/kubeproject",
                            "network_policy.#": "1",
                            "network_policy.0.enabled": "false",
                            "network_policy.0.provider": "PROVIDER_UNSPECIFIED",
                            "node_config.#": "0",
                            "node_locations.#": "0",
                            "node_pool.#": "0",
                            "node_version": "1.12.7-gke.10",
                            "private_cluster_config.#": "1",
                            "private_cluster_config.0.enable_private_endpoint": "true",
                            "private_cluster_config.0.enable_private_nodes": "true",
                            "private_cluster_config.0.master_ipv4_cidr_block": "172.32.8.0/28",
                            "private_cluster_config.0.private_endpoint": "172.32.8.2",
                            "private_cluster_config.0.public_endpoint": "35.228.130.201",
                            "project": "tpterraformkube",
                            "remove_default_node_pool": "true",
                            "resource_labels.%": "0",
                            "subnetwork": "projects/tpterraformkube/regions/europe-north1/subnetworks/kube-subnetwork",
                            "zone": "europe-north1-a"
                        },
                        "meta": {
                            "e2bfb730-ecaa-11e6-8f88-34363bc7c4c0": {
                                "create": 1800000000000,
                                "delete": 1800000000000,
                                "update": 1800000000000
                            },
                            "schema_version": "1"
                        },
                        "tainted": false
                    },
                    "deposed": [],
                    "provider": "provider.google"
                },
                "google_container_node_pool.statefull": {
                    "type": "google_container_node_pool",
                    "depends_on": [
                        "google_container_cluster.primary"
                    ],
                    "primary": {
                        "id": "europe-north1-a/my-gke-cluster/statefull",
                        "attributes": {
                            "cluster": "my-gke-cluster",
                            "id": "europe-north1-a/my-gke-cluster/statefull",
                            "initial_node_count": "1",
                            "instance_group_urls.#": "1",
                            "instance_group_urls.0": "https://www.googleapis.com/compute/v1/projects/tpterraformkube/zones/europe-north1-a/instanceGroupManagers/gke-my-gke-cluster-statefull-f1232df0-grp",
                            "location": "europe-north1-a",
                            "management.#": "1",
                            "management.0.auto_repair": "false",
                            "management.0.auto_upgrade": "false",
                            "name": "statefull",
                            "name_prefix": "",
                            "node_config.#": "1",
                            "node_config.0.disk_size_gb": "100",
                            "node_config.0.disk_type": "pd-standard",
                            "node_config.0.guest_accelerator.#": "0",
                            "node_config.0.image_type": "COS",
                            "node_config.0.labels.%": "1",
                            "node_config.0.labels.node": "statefull",
                            "node_config.0.local_ssd_count": "0",
                            "node_config.0.machine_type": "n1-standard-1",
                            "node_config.0.metadata.%": "1",
                            "node_config.0.metadata.disable-legacy-endpoints": "true",
                            "node_config.0.min_cpu_platform": "",
                            "node_config.0.oauth_scopes.#": "2",
                            "node_config.0.oauth_scopes.1277378754": "https://www.googleapis.com/auth/monitoring",
                            "node_config.0.oauth_scopes.172152165": "https://www.googleapis.com/auth/logging.write",
                            "node_config.0.preemptible": "true",
                            "node_config.0.service_account": "default",
                            "node_config.0.tags.#": "0",
                            "node_config.0.taint.#": "0",
                            "node_config.0.workload_metadata_config.#": "0",
                            "node_count": "1",
                            "project": "tpterraformkube",
                            "version": "1.12.7-gke.10",
                            "zone": "europe-north1-a"
                        },
                        "meta": {
                            "e2bfb730-ecaa-11e6-8f88-34363bc7c4c0": {
                                "create": 1800000000000,
                                "delete": 600000000000,
                                "update": 600000000000
                            },
                            "schema_version": "1"
                        },
                        "tainted": false
                    },
                    "deposed": [],
                    "provider": "provider.google"
                },
                "google_container_node_pool.stateless": {
                    "type": "google_container_node_pool",
                    "depends_on": [
                        "google_container_cluster.primary"
                    ],
                    "primary": {
                        "id": "europe-north1-a/my-gke-cluster/stateless",
                        "attributes": {
                            "cluster": "my-gke-cluster",
                            "id": "europe-north1-a/my-gke-cluster/stateless",
                            "initial_node_count": "1",
                            "instance_group_urls.#": "1",
                            "instance_group_urls.0": "https://www.googleapis.com/compute/v1/projects/tpterraformkube/zones/europe-north1-a/instanceGroupManagers/gke-my-gke-cluster-stateless-3d85f71d-grp",
                            "location": "europe-north1-a",
                            "management.#": "1",
                            "management.0.auto_repair": "false",
                            "management.0.auto_upgrade": "false",
                            "name": "stateless",
                            "name_prefix": "",
                            "node_config.#": "1",
                            "node_config.0.disk_size_gb": "100",
                            "node_config.0.disk_type": "pd-standard",
                            "node_config.0.guest_accelerator.#": "0",
                            "node_config.0.image_type": "COS",
                            "node_config.0.labels.%": "1",
                            "node_config.0.labels.node": "stateless",
                            "node_config.0.local_ssd_count": "0",
                            "node_config.0.machine_type": "n1-standard-1",
                            "node_config.0.metadata.%": "1",
                            "node_config.0.metadata.disable-legacy-endpoints": "true",
                            "node_config.0.min_cpu_platform": "",
                            "node_config.0.oauth_scopes.#": "2",
                            "node_config.0.oauth_scopes.1277378754": "https://www.googleapis.com/auth/monitoring",
                            "node_config.0.oauth_scopes.172152165": "https://www.googleapis.com/auth/logging.write",
                            "node_config.0.preemptible": "true",
                            "node_config.0.service_account": "default",
                            "node_config.0.tags.#": "0",
                            "node_config.0.taint.#": "0",
                            "node_config.0.workload_metadata_config.#": "0",
                            "node_count": "1",
                            "project": "tpterraformkube",
                            "version": "1.12.7-gke.10",
                            "zone": "europe-north1-a"
                        },
                        "meta": {
                            "e2bfb730-ecaa-11e6-8f88-34363bc7c4c0": {
                                "create": 1800000000000,
                                "delete": 600000000000,
                                "update": 600000000000
                            },
                            "schema_version": "1"
                        },
                        "tainted": false
                    },
                    "deposed": [],
                    "provider": "provider.google"
                }
            },
            "depends_on": []
        }
    ]
}
