{
    "version": 3,
    "terraform_version": "0.11.14",
    "serial": 2,
    "lineage": "d6968d81-aa38-50ed-2197-817f96f59cad",
    "modules": [
        {
            "path": [
                "root"
            ],
            "outputs": {
                "client_certificate": {
                    "sensitive": false,
                    "type": "string",
                    "value": ""
                },
                "client_key": {
                    "sensitive": false,
                    "type": "string",
                    "value": ""
                },
                "cluster_ca_certificate": {
                    "sensitive": false,
                    "type": "string",
                    "value": "LS0tLS1CRUdJTiBDRVJUSUZJQ0FURS0tLS0tCk1JSURERENDQWZTZ0F3SUJBZ0lSQUpjenUxMXVXbjM0T3FRMXJqOXhYcnN3RFFZSktvWklodmNOQVFFTEJRQXcKTHpFdE1Dc0dBMVVFQXhNa1pqSm1ZbU0wWW1FdFpURXpaaTAwT0RBMUxXRmxNVGt0TXpObE1qZ3lOVEEyTkRBMgpNQjRYRFRFNU1EVXlPREV4TXpNME4xb1hEVEkwTURVeU5qRXlNek0wTjFvd0x6RXRNQ3NHQTFVRUF4TWtaakptClltTTBZbUV0WlRFelppMDBPREExTFdGbE1Ua3RNek5sTWpneU5UQTJOREEyTUlJQklqQU5CZ2txaGtpRzl3MEIKQVFFRkFBT0NBUThBTUlJQkNnS0NBUUVBcXhWOFNGQmtxUXZiVjBoWnhSd1R5ck9BQXZyczdTOGN1OE5SYUFZdAprTW9VS05nRENoM2Y0QU5UWFpEZ3NKazdzOCtKd1BWa1VvYnB4cndtbmZaZ2VhN2lDLysyZE05RkxqaEMvd3RyCnZ2VkhPcGU0UlFMRXMwNnpwSG1oVXNYRTZPVmlJYmhqVUI3dmxpcXdxa095Q29ydEZDRWE3NW1nRzk2TGJFZmgKblBkQkdweEdaUWFYNG5MWW1XdTIrOGJybndreE1rRXJKSmpOY1IxR3NiM1IvTnh2TTJBaHg1VlZ0d2lIbFBCUApFUkN5aFlVVlhQVnM0OXJjRXlNdUJNR2JvOXFUYVNjSXNrTjFGUVhoeWZaSXYzc0J6cjV6R29FaFpleDRJanJEClRDdzJOcFVTYnBYUVhsN0cvNURlUVAxMityUmg4eTdQTnJCWkVQU0M5dmVKeXdJREFRQUJveU13SVRBT0JnTlYKSFE4QkFmOEVCQU1DQWdRd0R3WURWUjBUQVFIL0JBVXdBd0VCL3pBTkJna3Foa2lHOXcwQkFRc0ZBQU9DQVFFQQpFSUhLb2J6QnBHc1ByN01jc2dLV2I4MnIwV3lLZ1V1bkUzQ2x4eFpaZ3pjVlBqNmpsaFZSYXNpdVR6OFJVRVE2CmgyUGxGdFRzbkV3aGN5M3ZWMVZlOG5XcnkvWlArc0dpRXA1ZzRSVUlIVERQM3dIU2VuSmJCdmJEeG1pcnB3cCsKOTZIWTV6a2JQOHdUTzMydTFwc0d4a3dsMks5SGd2bmJ6TlVLNTZUbEJKenZyK1N0QmZ3eWV5Nnc0OVN2ODVrWAo4TFM1blJWZk0rTFNwbHNaVlB6NzNTeGlIQXViOGpHYjJBczBaaWZzWko0cGF5d214VnNpSi9nLzBubEp3ZVRUClNBQjZwUUZkb1BLRkxvblpBSmp3MEZVQVJiUFl5ZVNkKzJoNndObHQvQ0FhWENDdGJqM2VjNTNuRUd0NzdQK3kKYXNER0t2SFRQK0dXMkpoUE5MSUMwQT09Ci0tLS0tRU5EIENFUlRJRklDQVRFLS0tLS0K"
                }
            },
            "resources": {
                "google_compute_firewall.default": {
                    "type": "google_compute_firewall",
                    "depends_on": [
                        "google_compute_network.my-network"
                    ],
                    "primary": {
                        "id": "",
                        "attributes": {},
                        "meta": {},
                        "tainted": false
                    },
                    "deposed": [],
                    "provider": "provider.google"
                },
                "google_compute_instance.admin-instance": {
                    "type": "google_compute_instance",
                    "depends_on": [
                        "google_compute_subnetwork.admin"
                    ],
                    "primary": {
                        "id": "",
                        "attributes": {},
                        "meta": {},
                        "tainted": false
                    },
                    "deposed": [],
                    "provider": "provider.google"
                },
                "google_compute_network.my-network": {
                    "type": "google_compute_network",
                    "depends_on": [],
                    "primary": {
                        "id": "kubeproject",
                        "attributes": {
                            "auto_create_subnetworks": "false",
                            "delete_default_routes_on_create": "false",
                            "description": "",
                            "gateway_ipv4": "",
                            "id": "kubeproject",
                            "ipv4_range": "",
                            "name": "kubeproject",
                            "project": "tpterraformkube",
                            "routing_mode": "REGIONAL",
                            "self_link": "https://www.googleapis.com/compute/v1/projects/tpterraformkube/global/networks/kubeproject"
                        },
                        "meta": {
                            "e2bfb730-ecaa-11e6-8f88-34363bc7c4c0": {
                                "create": 240000000000,
                                "delete": 240000000000,
                                "update": 240000000000
                            }
                        },
                        "tainted": false
                    },
                    "deposed": [],
                    "provider": "provider.google"
                },
                "google_compute_project_metadata_item.ssh-keys": {
                    "type": "google_compute_project_metadata_item",
                    "depends_on": [],
                    "primary": {
                        "id": "",
                        "attributes": {},
                        "meta": {},
                        "tainted": false
                    },
                    "deposed": [],
                    "provider": "provider.google"
                },
                "google_compute_subnetwork.admin": {
                    "type": "google_compute_subnetwork",
                    "depends_on": [
                        "google_compute_network.my-network"
                    ],
                    "primary": {
                        "id": "",
                        "attributes": {},
                        "meta": {},
                        "tainted": false
                    },
                    "deposed": [],
                    "provider": "provider.google"
                },
                "google_compute_subnetwork.kube": {
                    "type": "google_compute_subnetwork",
                    "depends_on": [
                        "google_compute_network.my-network"
                    ],
                    "primary": {
                        "id": "europe-north1/kube-subnetwork",
                        "attributes": {
                            "creation_timestamp": "2019-05-28T05:33:11.262-07:00",
                            "description": "",
                            "enable_flow_logs": "false",
                            "fingerprint": "AoNodx-leTk=",
                            "gateway_address": "10.6.0.1",
                            "id": "europe-north1/kube-subnetwork",
                            "ip_cidr_range": "10.6.0.0/18",
                            "name": "kube-subnetwork",
                            "network": "https://www.googleapis.com/compute/v1/projects/tpterraformkube/global/networks/kubeproject",
                            "private_ip_google_access": "true",
                            "project": "tpterraformkube",
                            "region": "europe-north1",
                            "secondary_ip_range.#": "2",
                            "secondary_ip_range.0.ip_cidr_range": "10.8.0.0/20",
                            "secondary_ip_range.0.range_name": "secondary-range",
                            "secondary_ip_range.1.ip_cidr_range": "10.8.96.0/20",
                            "secondary_ip_range.1.range_name": "secondary-range2",
                            "self_link": "https://www.googleapis.com/compute/v1/projects/tpterraformkube/regions/europe-north1/subnetworks/kube-subnetwork"
                        },
                        "meta": {
                            "e2bfb730-ecaa-11e6-8f88-34363bc7c4c0": {
                                "create": 360000000000,
                                "delete": 360000000000,
                                "update": 360000000000
                            }
                        },
                        "tainted": false
                    },
                    "deposed": [],
                    "provider": "provider.google"
                },
                "google_container_cluster.primary": {
                    "type": "google_container_cluster",
                    "depends_on": [
                        "google_compute_network.my-network",
                        "google_compute_subnetwork.kube"
                    ],
                    "primary": {
                        "id": "my-gke-cluster",
                        "attributes": {
                            "additional_zones.#": "0",
                            "addons_config.#": "1",
                            "addons_config.0.horizontal_pod_autoscaling.#": "0",
                            "addons_config.0.http_load_balancing.#": "0",
                            "addons_config.0.kubernetes_dashboard.#": "1",
                            "addons_config.0.kubernetes_dashboard.0.disabled": "true",
                            "addons_config.0.network_policy_config.#": "1",
                            "addons_config.0.network_policy_config.0.disabled": "true",
                            "cluster_autoscaling.#": "0",
                            "cluster_ipv4_cidr": "10.8.0.0/20",
                            "description": "",
                            "enable_kubernetes_alpha": "false",
                            "enable_legacy_abac": "false",
                            "endpoint": "172.32.8.2",
                            "id": "my-gke-cluster",
                            "initial_node_count": "2",
                            "instance_group_urls.#": "2",
                            "instance_group_urls.0": "https://www.googleapis.com/compute/v1/projects/tpterraformkube/zones/europe-north1-a/instanceGroups/gke-my-gke-cluster-stateless-3d85f71d-grp",
                            "instance_group_urls.1": "https://www.googleapis.com/compute/v1/projects/tpterraformkube/zones/europe-north1-a/instanceGroups/gke-my-gke-cluster-statefull-f1232df0-grp",
                            "ip_allocation_policy.#": "1",
                            "ip_allocation_policy.0.cluster_ipv4_cidr_block": "10.8.0.0/20",
                            "ip_allocation_policy.0.cluster_secondary_range_name": "secondary-range",
                            "ip_allocation_policy.0.create_subnetwork": "false",
                            "ip_allocation_policy.0.node_ipv4_cidr_block": "10.6.0.0/18",
                            "ip_allocation_policy.0.services_ipv4_cidr_block": "10.8.96.0/20",
                            "ip_allocation_policy.0.services_secondary_range_name": "secondary-range2",
                            "ip_allocation_policy.0.subnetwork_name": "",
                            "ip_allocation_policy.0.use_ip_aliases": "true",
                            "location": "europe-north1-a",
                            "logging_service": "logging.googleapis.com",
                            "maintenance_policy.#": "0",
                            "master_auth.#": "1",
                            "master_auth.0.client_certificate": "",
                            "master_auth.0.client_certificate_config.#": "1",
                            "master_auth.0.client_certificate_config.0.issue_client_certificate": "false",
                            "master_auth.0.client_key": "",
                            "master_auth.0.cluster_ca_certificate": "LS0tLS1CRUdJTiBDRVJUSUZJQ0FURS0tLS0tCk1JSURERENDQWZTZ0F3SUJBZ0lSQUpjenUxMXVXbjM0T3FRMXJqOXhYcnN3RFFZSktvWklodmNOQVFFTEJRQXcKTHpFdE1Dc0dBMVVFQXhNa1pqSm1ZbU0wWW1FdFpURXpaaTAwT0RBMUxXRmxNVGt0TXpObE1qZ3lOVEEyTkRBMgpNQjRYRFRFNU1EVXlPREV4TXpNME4xb1hEVEkwTURVeU5qRXlNek0wTjFvd0x6RXRNQ3NHQTFVRUF4TWtaakptClltTTBZbUV0WlRFelppMDBPREExTFdGbE1Ua3RNek5sTWpneU5UQTJOREEyTUlJQklqQU5CZ2txaGtpRzl3MEIKQVFFRkFBT0NBUThBTUlJQkNnS0NBUUVBcXhWOFNGQmtxUXZiVjBoWnhSd1R5ck9BQXZyczdTOGN1OE5SYUFZdAprTW9VS05nRENoM2Y0QU5UWFpEZ3NKazdzOCtKd1BWa1VvYnB4cndtbmZaZ2VhN2lDLysyZE05RkxqaEMvd3RyCnZ2VkhPcGU0UlFMRXMwNnpwSG1oVXNYRTZPVmlJYmhqVUI3dmxpcXdxa095Q29ydEZDRWE3NW1nRzk2TGJFZmgKblBkQkdweEdaUWFYNG5MWW1XdTIrOGJybndreE1rRXJKSmpOY1IxR3NiM1IvTnh2TTJBaHg1VlZ0d2lIbFBCUApFUkN5aFlVVlhQVnM0OXJjRXlNdUJNR2JvOXFUYVNjSXNrTjFGUVhoeWZaSXYzc0J6cjV6R29FaFpleDRJanJEClRDdzJOcFVTYnBYUVhsN0cvNURlUVAxMityUmg4eTdQTnJCWkVQU0M5dmVKeXdJREFRQUJveU13SVRBT0JnTlYKSFE4QkFmOEVCQU1DQWdRd0R3WURWUjBUQVFIL0JBVXdBd0VCL3pBTkJna3Foa2lHOXcwQkFRc0ZBQU9DQVFFQQpFSUhLb2J6QnBHc1ByN01jc2dLV2I4MnIwV3lLZ1V1bkUzQ2x4eFpaZ3pjVlBqNmpsaFZSYXNpdVR6OFJVRVE2CmgyUGxGdFRzbkV3aGN5M3ZWMVZlOG5XcnkvWlArc0dpRXA1ZzRSVUlIVERQM3dIU2VuSmJCdmJEeG1pcnB3cCsKOTZIWTV6a2JQOHdUTzMydTFwc0d4a3dsMks5SGd2bmJ6TlVLNTZUbEJKenZyK1N0QmZ3eWV5Nnc0OVN2ODVrWAo4TFM1blJWZk0rTFNwbHNaVlB6NzNTeGlIQXViOGpHYjJBczBaaWZzWko0cGF5d214VnNpSi9nLzBubEp3ZVRUClNBQjZwUUZkb1BLRkxvblpBSmp3MEZVQVJiUFl5ZVNkKzJoNndObHQvQ0FhWENDdGJqM2VjNTNuRUd0NzdQK3kKYXNER0t2SFRQK0dXMkpoUE5MSUMwQT09Ci0tLS0tRU5EIENFUlRJRklDQVRFLS0tLS0K",
                            "master_auth.0.password": "BOURNE02-08-1984",
                            "master_auth.0.username": "adminl",
                            "master_authorized_networks_config.#": "1",
                            "master_authorized_networks_config.0.cidr_blocks.#": "1",
                            "master_authorized_networks_config.0.cidr_blocks.2979406661.cidr_block": "10.5.0.0/24",
                            "master_authorized_networks_config.0.cidr_blocks.2979406661.display_name": "net1",
                            "master_version": "1.12.7-gke.10",
                            "monitoring_service": "monitoring.googleapis.com",
                            "name": "my-gke-cluster",
                            "network": "projects/tpterraformkube/global/networks/kubeproject",
                            "network_policy.#": "1",
                            "network_policy.0.enabled": "false",
                            "network_policy.0.provider": "PROVIDER_UNSPECIFIED",
                            "node_config.#": "1",
                            "node_config.0.disk_size_gb": "100",
                            "node_config.0.disk_type": "pd-standard",
                            "node_config.0.guest_accelerator.#": "0",
                            "node_config.0.image_type": "COS",
                            "node_config.0.labels.%": "1",
                            "node_config.0.labels.node": "stateless",
                            "node_config.0.local_ssd_count": "0",
                            "node_config.0.machine_type": "n1-standard-1",
                            "node_config.0.metadata.%": "1",
                            "node_config.0.metadata.disable-legacy-endpoints": "true",
                            "node_config.0.min_cpu_platform": "",
                            "node_config.0.oauth_scopes.#": "2",
                            "node_config.0.oauth_scopes.1277378754": "https://www.googleapis.com/auth/monitoring",
                            "node_config.0.oauth_scopes.172152165": "https://www.googleapis.com/auth/logging.write",
                            "node_config.0.preemptible": "true",
                            "node_config.0.service_account": "default",
                            "node_config.0.tags.#": "0",
                            "node_config.0.taint.#": "0",
                            "node_config.0.workload_metadata_config.#": "0",
                            "node_locations.#": "0",
                            "node_pool.#": "2",
                            "node_pool.0.autoscaling.#": "0",
                            "node_pool.0.initial_node_count": "1",
                            "node_pool.0.instance_group_urls.#": "1",
                            "node_pool.0.instance_group_urls.0": "https://www.googleapis.com/compute/v1/projects/tpterraformkube/zones/europe-north1-a/instanceGroupManagers/gke-my-gke-cluster-stateless-3d85f71d-grp",
                            "node_pool.0.management.#": "1",
                            "node_pool.0.management.0.auto_repair": "false",
                            "node_pool.0.management.0.auto_upgrade": "false",
                            "node_pool.0.max_pods_per_node": "0",
                            "node_pool.0.name": "stateless",
                            "node_pool.0.name_prefix": "",
                            "node_pool.0.node_config.#": "1",
                            "node_pool.0.node_config.0.disk_size_gb": "100",
                            "node_pool.0.node_config.0.disk_type": "pd-standard",
                            "node_pool.0.node_config.0.guest_accelerator.#": "0",
                            "node_pool.0.node_config.0.image_type": "COS",
                            "node_pool.0.node_config.0.labels.%": "1",
                            "node_pool.0.node_config.0.labels.node": "stateless",
                            "node_pool.0.node_config.0.local_ssd_count": "0",
                            "node_pool.0.node_config.0.machine_type": "n1-standard-1",
                            "node_pool.0.node_config.0.metadata.%": "1",
                            "node_pool.0.node_config.0.metadata.disable-legacy-endpoints": "true",
                            "node_pool.0.node_config.0.min_cpu_platform": "",
                            "node_pool.0.node_config.0.oauth_scopes.#": "2",
                            "node_pool.0.node_config.0.oauth_scopes.1277378754": "https://www.googleapis.com/auth/monitoring",
                            "node_pool.0.node_config.0.oauth_scopes.172152165": "https://www.googleapis.com/auth/logging.write",
                            "node_pool.0.node_config.0.preemptible": "true",
                            "node_pool.0.node_config.0.service_account": "default",
                            "node_pool.0.node_config.0.tags.#": "0",
                            "node_pool.0.node_config.0.taint.#": "0",
                            "node_pool.0.node_config.0.workload_metadata_config.#": "0",
                            "node_pool.0.node_count": "1",
                            "node_pool.0.version": "1.12.7-gke.10",
                            "node_pool.1.autoscaling.#": "0",
                            "node_pool.1.initial_node_count": "1",
                            "node_pool.1.instance_group_urls.#": "1",
                            "node_pool.1.instance_group_urls.0": "https://www.googleapis.com/compute/v1/projects/tpterraformkube/zones/europe-north1-a/instanceGroupManagers/gke-my-gke-cluster-statefull-f1232df0-grp",
                            "node_pool.1.management.#": "1",
                            "node_pool.1.management.0.auto_repair": "false",
                            "node_pool.1.management.0.auto_upgrade": "false",
                            "node_pool.1.max_pods_per_node": "0",
                            "node_pool.1.name": "statefull",
                            "node_pool.1.name_prefix": "",
                            "node_pool.1.node_config.#": "1",
                            "node_pool.1.node_config.0.disk_size_gb": "100",
                            "node_pool.1.node_config.0.disk_type": "pd-standard",
                            "node_pool.1.node_config.0.guest_accelerator.#": "0",
                            "node_pool.1.node_config.0.image_type": "COS",
                            "node_pool.1.node_config.0.labels.%": "1",
                            "node_pool.1.node_config.0.labels.node": "statefull",
                            "node_pool.1.node_config.0.local_ssd_count": "0",
                            "node_pool.1.node_config.0.machine_type": "n1-standard-1",
                            "node_pool.1.node_config.0.metadata.%": "1",
                            "node_pool.1.node_config.0.metadata.disable-legacy-endpoints": "true",
                            "node_pool.1.node_config.0.min_cpu_platform": "",
                            "node_pool.1.node_config.0.oauth_scopes.#": "2",
                            "node_pool.1.node_config.0.oauth_scopes.1277378754": "https://www.googleapis.com/auth/monitoring",
                            "node_pool.1.node_config.0.oauth_scopes.172152165": "https://www.googleapis.com/auth/logging.write",
                            "node_pool.1.node_config.0.preemptible": "true",
                            "node_pool.1.node_config.0.service_account": "default",
                            "node_pool.1.node_config.0.tags.#": "0",
                            "node_pool.1.node_config.0.taint.#": "0",
                            "node_pool.1.node_config.0.workload_metadata_config.#": "0",
                            "node_pool.1.node_count": "1",
                            "node_pool.1.version": "1.12.7-gke.10",
                            "node_version": "1.12.7-gke.10",
                            "private_cluster_config.#": "1",
                            "private_cluster_config.0.enable_private_endpoint": "true",
                            "private_cluster_config.0.enable_private_nodes": "true",
                            "private_cluster_config.0.master_ipv4_cidr_block": "172.32.8.0/28",
                            "private_cluster_config.0.private_endpoint": "172.32.8.2",
                            "private_cluster_config.0.public_endpoint": "35.228.130.201",
                            "project": "tpterraformkube",
                            "remove_default_node_pool": "true",
                            "resource_labels.%": "0",
                            "subnetwork": "projects/tpterraformkube/regions/europe-north1/subnetworks/kube-subnetwork",
                            "zone": "europe-north1-a"
                        },
                        "meta": {
                            "e2bfb730-ecaa-11e6-8f88-34363bc7c4c0": {
                                "create": 1800000000000,
                                "delete": 1800000000000,
                                "update": 1800000000000
                            },
                            "schema_version": "1"
                        },
                        "tainted": false
                    },
                    "deposed": [],
                    "provider": "provider.google"
                },
                "google_container_node_pool.statefull": {
                    "type": "google_container_node_pool",
                    "depends_on": [
                        "google_container_cluster.primary"
                    ],
                    "primary": {
                        "id": "europe-north1-a/my-gke-cluster/statefull",
                        "attributes": {
                            "cluster": "my-gke-cluster",
                            "id": "europe-north1-a/my-gke-cluster/statefull",
                            "initial_node_count": "1",
                            "instance_group_urls.#": "1",
                            "instance_group_urls.0": "https://www.googleapis.com/compute/v1/projects/tpterraformkube/zones/europe-north1-a/instanceGroupManagers/gke-my-gke-cluster-statefull-f1232df0-grp",
                            "location": "europe-north1-a",
                            "management.#": "1",
                            "management.0.auto_repair": "false",
                            "management.0.auto_upgrade": "false",
                            "name": "statefull",
                            "name_prefix": "",
                            "node_config.#": "1",
                            "node_config.0.disk_size_gb": "100",
                            "node_config.0.disk_type": "pd-standard",
                            "node_config.0.guest_accelerator.#": "0",
                            "node_config.0.image_type": "COS",
                            "node_config.0.labels.%": "1",
                            "node_config.0.labels.node": "statefull",
                            "node_config.0.local_ssd_count": "0",
                            "node_config.0.machine_type": "n1-standard-1",
                            "node_config.0.metadata.%": "1",
                            "node_config.0.metadata.disable-legacy-endpoints": "true",
                            "node_config.0.min_cpu_platform": "",
                            "node_config.0.oauth_scopes.#": "2",
                            "node_config.0.oauth_scopes.1277378754": "https://www.googleapis.com/auth/monitoring",
                            "node_config.0.oauth_scopes.172152165": "https://www.googleapis.com/auth/logging.write",
                            "node_config.0.preemptible": "true",
                            "node_config.0.service_account": "default",
                            "node_config.0.tags.#": "0",
                            "node_config.0.taint.#": "0",
                            "node_config.0.workload_metadata_config.#": "0",
                            "node_count": "1",
                            "project": "tpterraformkube",
                            "version": "1.12.7-gke.10",
                            "zone": "europe-north1-a"
                        },
                        "meta": {
                            "e2bfb730-ecaa-11e6-8f88-34363bc7c4c0": {
                                "create": 1800000000000,
                                "delete": 600000000000,
                                "update": 600000000000
                            },
                            "schema_version": "1"
                        },
                        "tainted": false
                    },
                    "deposed": [],
                    "provider": "provider.google"
                },
                "google_container_node_pool.stateless": {
                    "type": "google_container_node_pool",
                    "depends_on": [
                        "google_container_cluster.primary"
                    ],
                    "primary": {
                        "id": "",
                        "attributes": {},
                        "meta": {},
                        "tainted": false
                    },
                    "deposed": [],
                    "provider": "provider.google"
                }
            },
            "depends_on": []
        }
    ]
}
